
Microsoft Visual Studio Solution File, Format Version 12.00
# Visual Studio Version 16
VisualStudioVersion = 16.0.29009.5
MinimumVisualStudioVersion = 10.0.40219.1
Project("{FAE04EC0-301F-11D3-BF4B-00C04F79EFBC}") = "QuickBuy3.Dominio", "QuickBuy3.Dominio\QuickBuy3.Dominio.csproj", "{BD47FAD2-AE92-4EAE-BEE0-73AF9BAF6A87}"
EndProject
Project("{FAE04EC0-301F-11D3-BF4B-00C04F79EFBC}") = "QuickBuy3.Repositorio", "QuickBuy3.Repositorio\QuickBuy3.Repositorio.csproj", "{E37881A4-715D-4822-B1A3-5A7290A65C9A}"
EndProject
Project("{FAE04EC0-301F-11D3-BF4B-00C04F79EFBC}") = "QuickBuy3.Web", "QuickBuy3.Web\QuickBuy3.Web.csproj", "{0FAC9A16-D906-4A54-A0A7-D471A5BC4F6C}"
EndProject
Global
	GlobalSection(SolutionConfigurationPlatforms) = preSolution
		Debug|Any CPU = Debug|Any CPU
		Release|Any CPU = Release|Any CPU
	EndGlobalSection
	GlobalSection(ProjectConfigurationPlatforms) = postSolution
		{BD47FAD2-AE92-4EAE-BEE0-73AF9BAF6A87}.Debug|Any CPU.ActiveCfg = Debug|Any CPU
		{BD47FAD2-AE92-4EAE-BEE0-73AF9BAF6A87}.Debug|Any CPU.Build.0 = Debug|Any CPU
		{BD47FAD2-AE92-4EAE-BEE0-73AF9BAF6A87}.Release|Any CPU.ActiveCfg = Release|Any CPU
		{BD47FAD2-AE92-4EAE-BEE0-73AF9BAF6A87}.Release|Any CPU.Build.0 = Release|Any CPU
		{E37881A4-715D-4822-B1A3-5A7290A65C9A}.Debug|Any CPU.ActiveCfg = Debug|Any CPU
		{E37881A4-715D-4822-B1A3-5A7290A65C9A}.Debug|Any CPU.Build.0 = Debug|Any CPU
		{E37881A4-715D-4822-B1A3-5A7290A65C9A}.Release|Any CPU.ActiveCfg = Release|Any CPU
		{E37881A4-715D-4822-B1A3-5A7290A65C9A}.Release|Any CPU.Build.0 = Release|Any CPU
		{0FAC9A16-D906-4A54-A0A7-D471A5BC4F6C}.Debug|Any CPU.ActiveCfg = Debug|Any CPU
		{0FAC9A16-D906-4A54-A0A7-D471A5BC4F6C}.Debug|Any CPU.Build.0 = Debug|Any CPU
		{0FAC9A16-D906-4A54-A0A7-D471A5BC4F6C}.Release|Any CPU.ActiveCfg = Release|Any CPU
		{0FAC9A16-D906-4A54-A0A7-D471A5BC4F6C}.Release|Any CPU.Build.0 = Release|Any CPU
	EndGlobalSection
	GlobalSection(SolutionProperties) = preSolution
		HideSolutionNode = FALSE
	EndGlobalSection
	GlobalSection(ExtensibilityGlobals) = postSolution
		SolutionGuid = {EEB54A30-5585-4636-9484-127B56058E45}
	EndGlobalSection
EndGlobal
